
Microsoft Visual Studio Solution File, Format Version 12.00
# Visual Studio 15
VisualStudioVersion = 15.0.28307.106
MinimumVisualStudioVersion = 10.0.40219.1
Project("{FAE04EC0-301F-11D3-BF4B-00C04F79EFBC}") = "DataAddin", "DataAddin\DataAddin.csproj", "{4681946C-AAAE-48EB-A92E-B0D823FF5106}"
EndProject
Global
	GlobalSection(SolutionConfigurationPlatforms) = preSolution
		Debug|Any CPU = Debug|Any CPU
		Release|Any CPU = Release|Any CPU
	EndGlobalSection
	GlobalSection(ProjectConfigurationPlatforms) = postSolution
		{4681946C-AAAE-48EB-A92E-B0D823FF5106}.Debug|Any CPU.ActiveCfg = Debug|Any CPU
		{4681946C-AAAE-48EB-A92E-B0D823FF5106}.Debug|Any CPU.Build.0 = Debug|Any CPU
		{4681946C-AAAE-48EB-A92E-B0D823FF5106}.Release|Any CPU.ActiveCfg = Release|Any CPU
		{4681946C-AAAE-48EB-A92E-B0D823FF5106}.Release|Any CPU.Build.0 = Release|Any CPU
	EndGlobalSection
	GlobalSection(SolutionProperties) = preSolution
		HideSolutionNode = FALSE
	EndGlobalSection
	GlobalSection(ExtensibilityGlobals) = postSolution
		SolutionGuid = {663225BD-1813-4240-8A8C-29B0E672AD5E}
	EndGlobalSection
EndGlobal
